// !$*UTF8*$!
{
	archiveVersion = 1;
	classes = {
	};
	objectVersion = 50;
	objects = {

/* Begin PBXBuildFile section */
		6E417A84220F43A9007D847C /* AppDelegate.swift in Sources */ = {isa = PBXBuildFile; fileRef = 6E417A83220F43A9007D847C /* AppDelegate.swift */; };
		6E417A86220F43A9007D847C /* FirstViewController.swift in Sources */ = {isa = PBXBuildFile; fileRef = 6E417A85220F43A9007D847C /* FirstViewController.swift */; };
		6E417A88220F43A9007D847C /* SecondViewController.swift in Sources */ = {isa = PBXBuildFile; fileRef = 6E417A87220F43A9007D847C /* SecondViewController.swift */; };
		6E417A8B220F43A9007D847C /* Main.storyboard in Resources */ = {isa = PBXBuildFile; fileRef = 6E417A89220F43A9007D847C /* Main.storyboard */; };
		6E417A8D220F43AB007D847C /* Assets.xcassets in Resources */ = {isa = PBXBuildFile; fileRef = 6E417A8C220F43AB007D847C /* Assets.xcassets */; };
		6E417A90220F43AB007D847C /* LaunchScreen.storyboard in Resources */ = {isa = PBXBuildFile; fileRef = 6E417A8E220F43AB007D847C /* LaunchScreen.storyboard */; };
		6E417A9B220F43AB007D847C /* wics2019Tests.swift in Sources */ = {isa = PBXBuildFile; fileRef = 6E417A9A220F43AB007D847C /* wics2019Tests.swift */; };
		844FF1A8220F8E5100F0054E /* SocialViewController.swift in Sources */ = {isa = PBXBuildFile; fileRef = 844FF1A7220F8E5100F0054E /* SocialViewController.swift */; };
/* End PBXBuildFile section */

/* Begin PBXContainerItemProxy section */
		6E417A97220F43AB007D847C /* PBXContainerItemProxy */ = {
			isa = PBXContainerItemProxy;
			containerPortal = 6E417A78220F43A9007D847C /* Project object */;
			proxyType = 1;
			remoteGlobalIDString = 6E417A7F220F43A9007D847C;
			remoteInfo = wics2019;
		};
/* End PBXContainerItemProxy section */

/* Begin PBXFileReference section */
		6E417A80220F43A9007D847C /* wics2019.app */ = {isa = PBXFileReference; explicitFileType = wrapper.application; includeInIndex = 0; path = wics2019.app; sourceTree = BUILT_PRODUCTS_DIR; };
		6E417A83220F43A9007D847C /* AppDelegate.swift */ = {isa = PBXFileReference; lastKnownFileType = sourcecode.swift; path = AppDelegate.swift; sourceTree = "<group>"; };
		6E417A85220F43A9007D847C /* FirstViewController.swift */ = {isa = PBXFileReference; lastKnownFileType = sourcecode.swift; path = FirstViewController.swift; sourceTree = "<group>"; };
		6E417A87220F43A9007D847C /* SecondViewController.swift */ = {isa = PBXFileReference; lastKnownFileType = sourcecode.swift; path = SecondViewController.swift; sourceTree = "<group>"; };
		6E417A8A220F43A9007D847C /* Base */ = {isa = PBXFileReference; lastKnownFileType = file.storyboard; name = Base; path = Base.lproj/Main.storyboard; sourceTree = "<group>"; };
		6E417A8C220F43AB007D847C /* Assets.xcassets */ = {isa = PBXFileReference; lastKnownFileType = folder.assetcatalog; path = Assets.xcassets; sourceTree = "<group>"; };
		6E417A8F220F43AB007D847C /* Base */ = {isa = PBXFileReference; lastKnownFileType = file.storyboard; name = Base; path = Base.lproj/LaunchScreen.storyboard; sourceTree = "<group>"; };
		6E417A91220F43AB007D847C /* Info.plist */ = {isa = PBXFileReference; lastKnownFileType = text.plist.xml; path = Info.plist; sourceTree = "<group>"; };
		6E417A96220F43AB007D847C /* wics2019Tests.xctest */ = {isa = PBXFileReference; explicitFileType = wrapper.cfbundle; includeInIndex = 0; path = wics2019Tests.xctest; sourceTree = BUILT_PRODUCTS_DIR; };
		6E417A9A220F43AB007D847C /* wics2019Tests.swift */ = {isa = PBXFileReference; lastKnownFileType = sourcecode.swift; path = wics2019Tests.swift; sourceTree = "<group>"; };
		6E417A9C220F43AB007D847C /* Info.plist */ = {isa = PBXFileReference; lastKnownFileType = text.plist.xml; path = Info.plist; sourceTree = "<group>"; };
		844FF1A7220F8E5100F0054E /* SocialViewController.swift */ = {isa = PBXFileReference; lastKnownFileType = sourcecode.swift; path = SocialViewController.swift; sourceTree = "<group>"; };
/* End PBXFileReference section */

/* Begin PBXFrameworksBuildPhase section */
		6E417A7D220F43A9007D847C /* Frameworks */ = {
			isa = PBXFrameworksBuildPhase;
			buildActionMask = 2147483647;
			files = (
			);
			runOnlyForDeploymentPostprocessing = 0;
		};
		6E417A93220F43AB007D847C /* Frameworks */ = {
			isa = PBXFrameworksBuildPhase;
			buildActionMask = 2147483647;
			files = (
			);
			runOnlyForDeploymentPostprocessing = 0;
		};
/* End PBXFrameworksBuildPhase section */

/* Begin PBXGroup section */
		6E417A77220F43A9007D847C = {
			isa = PBXGroup;
			children = (
				6E417A82220F43A9007D847C /* wics2019 */,
				6E417A99220F43AB007D847C /* wics2019Tests */,
				6E417A81220F43A9007D847C /* Products */,
			);
			sourceTree = "<group>";
		};
		6E417A81220F43A9007D847C /* Products */ = {
			isa = PBXGroup;
			children = (
				6E417A80220F43A9007D847C /* wics2019.app */,
				6E417A96220F43AB007D847C /* wics2019Tests.xctest */,
			);
			name = Products;
			sourceTree = "<group>";
		};
		6E417A82220F43A9007D847C /* wics2019 */ = {
			isa = PBXGroup;
			children = (
				6E417A83220F43A9007D847C /* AppDelegate.swift */,
				6E417A85220F43A9007D847C /* FirstViewController.swift */,
				6E417A87220F43A9007D847C /* SecondViewController.swift */,
				844FF1A7220F8E5100F0054E /* SocialViewController.swift */,
				6E417A89220F43A9007D847C /* Main.storyboard */,
				6E417A8C220F43AB007D847C /* Assets.xcassets */,
				6E417A8E220F43AB007D847C /* LaunchScreen.storyboard */,
				6E417A91220F43AB007D847C /* Info.plist */,
			);
			path = wics2019;
			sourceTree = "<group>";
		};
		6E417A99220F43AB007D847C /* wics2019Tests */ = {
			isa = PBXGroup;
			children = (
				6E417A9A220F43AB007D847C /* wics2019Tests.swift */,
				6E417A9C220F43AB007D847C /* Info.plist */,
			);
			path = wics2019Tests;
			sourceTree = "<group>";
		};
/* End PBXGroup section */

/* Begin PBXNativeTarget section */
		6E417A7F220F43A9007D847C /* wics2019 */ = {
			isa = PBXNativeTarget;
			buildConfigurationList = 6E417A9F220F43AB007D847C /* Build configuration list for PBXNativeTarget "wics2019" */;
			buildPhases = (
				6E417A7C220F43A9007D847C /* Sources */,
				6E417A7D220F43A9007D847C /* Frameworks */,
				6E417A7E220F43A9007D847C /* Resources */,
			);
			buildRules = (
			);
			dependencies = (
			);
			name = wics2019;
			productName = wics2019;
			productReference = 6E417A80220F43A9007D847C /* wics2019.app */;
			productType = "com.apple.product-type.application";
		};
		6E417A95220F43AB007D847C /* wics2019Tests */ = {
			isa = PBXNativeTarget;
			buildConfigurationList = 6E417AA2220F43AB007D847C /* Build configuration list for PBXNativeTarget "wics2019Tests" */;
			buildPhases = (
				6E417A92220F43AB007D847C /* Sources */,
				6E417A93220F43AB007D847C /* Frameworks */,
				6E417A94220F43AB007D847C /* Resources */,
			);
			buildRules = (
			);
			dependencies = (
				6E417A98220F43AB007D847C /* PBXTargetDependency */,
			);
			name = wics2019Tests;
			productName = wics2019Tests;
			productReference = 6E417A96220F43AB007D847C /* wics2019Tests.xctest */;
			productType = "com.apple.product-type.bundle.unit-test";
		};
/* End PBXNativeTarget section */

/* Begin PBXProject section */
		6E417A78220F43A9007D847C /* Project object */ = {
			isa = PBXProject;
			attributes = {
				LastSwiftUpdateCheck = 1010;
				LastUpgradeCheck = 1010;
				ORGANIZATIONNAME = "Simran Sohal";
				TargetAttributes = {
					6E417A7F220F43A9007D847C = {
						CreatedOnToolsVersion = 10.1;
					};
					6E417A95220F43AB007D847C = {
						CreatedOnToolsVersion = 10.1;
						TestTargetID = 6E417A7F220F43A9007D847C;
					};
				};
			};
			buildConfigurationList = 6E417A7B220F43A9007D847C /* Build configuration list for PBXProject "wics2019" */;
			compatibilityVersion = "Xcode 9.3";
			developmentRegion = en;
			hasScannedForEncodings = 0;
			knownRegions = (
				en,
				Base,
			);
			mainGroup = 6E417A77220F43A9007D847C;
			productRefGroup = 6E417A81220F43A9007D847C /* Products */;
			projectDirPath = "";
			projectRoot = "";
			targets = (
				6E417A7F220F43A9007D847C /* wics2019 */,
				6E417A95220F43AB007D847C /* wics2019Tests */,
			);
		};
/* End PBXProject section */

/* Begin PBXResourcesBuildPhase section */
		6E417A7E220F43A9007D847C /* Resources */ = {
			isa = PBXResourcesBuildPhase;
			buildActionMask = 2147483647;
			files = (
				6E417A90220F43AB007D847C /* LaunchScreen.storyboard in Resources */,
				6E417A8D220F43AB007D847C /* Assets.xcassets in Resources */,
				6E417A8B220F43A9007D847C /* Main.storyboard in Resources */,
			);
			runOnlyForDeploymentPostprocessing = 0;
		};
		6E417A94220F43AB007D847C /* Resources */ = {
			isa = PBXResourcesBuildPhase;
			buildActionMask = 2147483647;
			files = (
			);
			runOnlyForDeploymentPostprocessing = 0;
		};
/* End PBXResourcesBuildPhase section */

/* Begin PBXSourcesBuildPhase section */
		6E417A7C220F43A9007D847C /* Sources */ = {
			isa = PBXSourcesBuildPhase;
			buildActionMask = 2147483647;
			files = (
				6E417A88220F43A9007D847C /* SecondViewController.swift in Sources */,
				6E417A84220F43A9007D847C /* AppDelegate.swift in Sources */,
				6E417A86220F43A9007D847C /* FirstViewController.swift in Sources */,
				844FF1A8220F8E5100F0054E /* SocialViewController.swift in Sources */,
			);
			runOnlyForDeploymentPostprocessing = 0;
		};
		6E417A92220F43AB007D847C /* Sources */ = {
			isa = PBXSourcesBuildPhase;
			buildActionMask = 2147483647;
			files = (
				6E417A9B220F43AB007D847C /* wics2019Tests.swift in Sources */,
			);
			runOnlyForDeploymentPostprocessing = 0;
		};
/* End PBXSourcesBuildPhase section */

/* Begin PBXTargetDependency section */
		6E417A98220F43AB007D847C /* PBXTargetDependency */ = {
			isa = PBXTargetDependency;
			target = 6E417A7F220F43A9007D847C /* wics2019 */;
			targetProxy = 6E417A97220F43AB007D847C /* PBXContainerItemProxy */;
		};
/* End PBXTargetDependency section */

/* Begin PBXVariantGroup section */
		6E417A89220F43A9007D847C /* Main.storyboard */ = {
			isa = PBXVariantGroup;
			children = (
				6E417A8A220F43A9007D847C /* Base */,
			);
			name = Main.storyboard;
			sourceTree = "<group>";
		};
		6E417A8E220F43AB007D847C /* LaunchScreen.storyboard */ = {
			isa = PBXVariantGroup;
			children = (
				6E417A8F220F43AB007D847C /* Base */,
			);
			name = LaunchScreen.storyboard;
			sourceTree = "<group>";
		};
/* End PBXVariantGroup section */

/* Begin XCBuildConfiguration section */
		6E417A9D220F43AB007D847C /* Debug */ = {
			isa = XCBuildConfiguration;
			buildSettings = {
				ALWAYS_SEARCH_USER_PATHS = NO;
				CLANG_ANALYZER_NONNULL = YES;
				CLANG_ANALYZER_NUMBER_OBJECT_CONVERSION = YES_AGGRESSIVE;
				CLANG_CXX_LANGUAGE_STANDARD = "gnu++14";
				CLANG_CXX_LIBRARY = "libc++";
				CLANG_ENABLE_MODULES = YES;
				CLANG_ENABLE_OBJC_ARC = YES;
				CLANG_ENABLE_OBJC_WEAK = YES;
				CLANG_WARN_BLOCK_CAPTURE_AUTORELEASING = YES;
				CLANG_WARN_BOOL_CONVERSION = YES;
				CLANG_WARN_COMMA = YES;
				CLANG_WARN_CONSTANT_CONVERSION = YES;
				CLANG_WARN_DEPRECATED_OBJC_IMPLEMENTATIONS = YES;
				CLANG_WARN_DIRECT_OBJC_ISA_USAGE = YES_ERROR;
				CLANG_WARN_DOCUMENTATION_COMMENTS = YES;
				CLANG_WARN_EMPTY_BODY = YES;
				CLANG_WARN_ENUM_CONVERSION = YES;
				CLANG_WARN_INFINITE_RECURSION = YES;
				CLANG_WARN_INT_CONVERSION = YES;
				CLANG_WARN_NON_LITERAL_NULL_CONVERSION = YES;
				CLANG_WARN_OBJC_IMPLICIT_RETAIN_SELF = YES;
				CLANG_WARN_OBJC_LITERAL_CONVERSION = YES;
				CLANG_WARN_OBJC_ROOT_CLASS = YES_ERROR;
				CLANG_WARN_RANGE_LOOP_ANALYSIS = YES;
				CLANG_WARN_STRICT_PROTOTYPES = YES;
				CLANG_WARN_SUSPICIOUS_MOVE = YES;
				CLANG_WARN_UNGUARDED_AVAILABILITY = YES_AGGRESSIVE;
				CLANG_WARN_UNREACHABLE_CODE = YES;
				CLANG_WARN__DUPLICATE_METHOD_MATCH = YES;
				CODE_SIGN_IDENTITY = "iPhone Developer";
				COPY_PHASE_STRIP = NO;
				DEBUG_INFORMATION_FORMAT = dwarf;
				ENABLE_STRICT_OBJC_MSGSEND = YES;
				ENABLE_TESTABILITY = YES;
				GCC_C_LANGUAGE_STANDARD = gnu11;
				GCC_DYNAMIC_NO_PIC = NO;
				GCC_NO_COMMON_BLOCKS = YES;
				GCC_OPTIMIZATION_LEVEL = 0;
				GCC_PREPROCESSOR_DEFINITIONS = (
					"DEBUG=1",
					"$(inherited)",
				);
				GCC_WARN_64_TO_32_BIT_CONVERSION = YES;
				GCC_WARN_ABOUT_RETURN_TYPE = YES_ERROR;
				GCC_WARN_UNDECLARED_SELECTOR = YES;
				GCC_WARN_UNINITIALIZED_AUTOS = YES_AGGRESSIVE;
				GCC_WARN_UNUSED_FUNCTION = YES;
				GCC_WARN_UNUSED_VARIABLE = YES;
				IPHONEOS_DEPLOYMENT_TARGET = 12.1;
				MTL_ENABLE_DEBUG_INFO = INCLUDE_SOURCE;
				MTL_FAST_MATH = YES;
				ONLY_ACTIVE_ARCH = YES;
				SDKROOT = iphoneos;
				SWIFT_ACTIVE_COMPILATION_CONDITIONS = DEBUG;
				SWIFT_OPTIMIZATION_LEVEL = "-Onone";
			};
			name = Debug;
		};
		6E417A9E220F43AB007D847C /* Release */ = {
			isa = XCBuildConfiguration;
			buildSettings = {
				ALWAYS_SEARCH_USER_PATHS = NO;
				CLANG_ANALYZER_NONNULL = YES;
				CLANG_ANALYZER_NUMBER_OBJECT_CONVERSION = YES_AGGRESSIVE;
				CLANG_CXX_LANGUAGE_STANDARD = "gnu++14";
				CLANG_CXX_LIBRARY = "libc++";
				CLANG_ENABLE_MODULES = YES;
				CLANG_ENABLE_OBJC_ARC = YES;
				CLANG_ENABLE_OBJC_WEAK = YES;
				CLANG_WARN_BLOCK_CAPTURE_AUTORELEASING = YES;
				CLANG_WARN_BOOL_CONVERSION = YES;
				CLANG_WARN_COMMA = YES;
				CLANG_WARN_CONSTANT_CONVERSION = YES;
				CLANG_WARN_DEPRECATED_OBJC_IMPLEMENTATIONS = YES;
				CLANG_WARN_DIRECT_OBJC_ISA_USAGE = YES_ERROR;
				CLANG_WARN_DOCUMENTATION_COMMENTS = YES;
				CLANG_WARN_EMPTY_BODY = YES;
				CLANG_WARN_ENUM_CONVERSION = YES;
				CLANG_WARN_INFINITE_RECURSION = YES;
				CLANG_WARN_INT_CONVERSION = YES;
				CLANG_WARN_NON_LITERAL_NULL_CONVERSION = YES;
				CLANG_WARN_OBJC_IMPLICIT_RETAIN_SELF = YES;
				CLANG_WARN_OBJC_LITERAL_CONVERSION = YES;
				CLANG_WARN_OBJC_ROOT_CLASS = YES_ERROR;
				CLANG_WARN_RANGE_LOOP_ANALYSIS = YES;
				CLANG_WARN_STRICT_PROTOTYPES = YES;
				CLANG_WARN_SUSPICIOUS_MOVE = YES;
				CLANG_WARN_UNGUARDED_AVAILABILITY = YES_AGGRESSIVE;
				CLANG_WARN_UNREACHABLE_CODE = YES;
				CLANG_WARN__DUPLICATE_METHOD_MATCH = YES;
				CODE_SIGN_IDENTITY = "iPhone Developer";
				COPY_PHASE_STRIP = NO;
				DEBUG_INFORMATION_FORMAT = "dwarf-with-dsym";
				ENABLE_NS_ASSERTIONS = NO;
				ENABLE_STRICT_OBJC_MSGSEND = YES;
				GCC_C_LANGUAGE_STANDARD = gnu11;
				GCC_NO_COMMON_BLOCKS = YES;
				GCC_WARN_64_TO_32_BIT_CONVERSION = YES;
				GCC_WARN_ABOUT_RETURN_TYPE = YES_ERROR;
				GCC_WARN_UNDECLARED_SELECTOR = YES;
				GCC_WARN_UNINITIALIZED_AUTOS = YES_AGGRESSIVE;
				GCC_WARN_UNUSED_FUNCTION = YES;
				GCC_WARN_UNUSED_VARIABLE = YES;
				IPHONEOS_DEPLOYMENT_TARGET = 12.1;
				MTL_ENABLE_DEBUG_INFO = NO;
				MTL_FAST_MATH = YES;
				SDKROOT = iphoneos;
				SWIFT_COMPILATION_MODE = wholemodule;
				SWIFT_OPTIMIZATION_LEVEL = "-O";
				VALIDATE_PRODUCT = YES;
			};
			name = Release;
		};
		6E417AA0220F43AB007D847C /* Debug */ = {
			isa = XCBuildConfiguration;
			buildSettings = {
				ASSETCATALOG_COMPILER_APPICON_NAME = AppIcon;
				CODE_SIGN_STYLE = Automatic;
				INFOPLIST_FILE = wics2019/Info.plist;
				LD_RUNPATH_SEARCH_PATHS = (
					"$(inherited)",
					"@executable_path/Frameworks",
				);
				PRODUCT_BUNDLE_IDENTIFIER = com.example.wics2019;
				PRODUCT_NAME = "$(TARGET_NAME)";
				SWIFT_VERSION = 4.2;
				TARGETED_DEVICE_FAMILY = "1,2";
			};
			name = Debug;
		};
		6E417AA1220F43AB007D847C /* Release */ = {
			isa = XCBuildConfiguration;
			buildSettings = {
				ASSETCATALOG_COMPILER_APPICON_NAME = AppIcon;
				CODE_SIGN_STYLE = Automatic;
				INFOPLIST_FILE = wics2019/Info.plist;
				LD_RUNPATH_SEARCH_PATHS = (
					"$(inherited)",
					"@executable_path/Frameworks",
				);
				PRODUCT_BUNDLE_IDENTIFIER = com.example.wics2019;
				PRODUCT_NAME = "$(TARGET_NAME)";
				SWIFT_VERSION = 4.2;
				TARGETED_DEVICE_FAMILY = "1,2";
			};
			name = Release;
		};
		6E417AA3220F43AB007D847C /* Debug */ = {
			isa = XCBuildConfiguration;
			buildSettings = {
				ALWAYS_EMBED_SWIFT_STANDARD_LIBRARIES = YES;
				BUNDLE_LOADER = "$(TEST_HOST)";
				CODE_SIGN_STYLE = Automatic;
				INFOPLIST_FILE = wics2019Tests/Info.plist;
				LD_RUNPATH_SEARCH_PATHS = (
					"$(inherited)",
					"@executable_path/Frameworks",
					"@loader_path/Frameworks",
				);
				PRODUCT_BUNDLE_IDENTIFIER = com.example.wics2019Tests;
				PRODUCT_NAME = "$(TARGET_NAME)";
				SWIFT_VERSION = 4.2;
				TARGETED_DEVICE_FAMILY = "1,2";
				TEST_HOST = "$(BUILT_PRODUCTS_DIR)/wics2019.app/wics2019";
			};
			name = Debug;
		};
		6E417AA4220F43AB007D847C /* Release */ = {
			isa = XCBuildConfiguration;
			buildSettings = {
				ALWAYS_EMBED_SWIFT_STANDARD_LIBRARIES = YES;
				BUNDLE_LOADER = "$(TEST_HOST)";
				CODE_SIGN_STYLE = Automatic;
				INFOPLIST_FILE = wics2019Tests/Info.plist;
				LD_RUNPATH_SEARCH_PATHS = (
					"$(inherited)",
					"@executable_path/Frameworks",
					"@loader_path/Frameworks",
				);
				PRODUCT_BUNDLE_IDENTIFIER = com.example.wics2019Tests;
				PRODUCT_NAME = "$(TARGET_NAME)";
				SWIFT_VERSION = 4.2;
				TARGETED_DEVICE_FAMILY = "1,2";
				TEST_HOST = "$(BUILT_PRODUCTS_DIR)/wics2019.app/wics2019";
			};
			name = Release;
		};
/* End XCBuildConfiguration section */

/* Begin XCConfigurationList section */
		6E417A7B220F43A9007D847C /* Build configuration list for PBXProject "wics2019" */ = {
			isa = XCConfigurationList;
			buildConfigurations = (
				6E417A9D220F43AB007D847C /* Debug */,
				6E417A9E220F43AB007D847C /* Release */,
			);
			defaultConfigurationIsVisible = 0;
			defaultConfigurationName = Release;
		};
		6E417A9F220F43AB007D847C /* Build configuration list for PBXNativeTarget "wics2019" */ = {
			isa = XCConfigurationList;
			buildConfigurations = (
				6E417AA0220F43AB007D847C /* Debug */,
				6E417AA1220F43AB007D847C /* Release */,
			);
			defaultConfigurationIsVisible = 0;
			defaultConfigurationName = Release;
		};
		6E417AA2220F43AB007D847C /* Build configuration list for PBXNativeTarget "wics2019Tests" */ = {
			isa = XCConfigurationList;
			buildConfigurations = (
				6E417AA3220F43AB007D847C /* Debug */,
				6E417AA4220F43AB007D847C /* Release */,
			);
			defaultConfigurationIsVisible = 0;
			defaultConfigurationName = Release;
		};
/* End XCConfigurationList section */
	};
	rootObject = 6E417A78220F43A9007D847C /* Project object */;
}
